<Solution>
  <Configurations>
    <Platform Name="Any CPU" />
    <Platform Name="x64" />
    <Platform Name="x86" />
  </Configurations>
  <Folder Name="/playground/">
    <Project Path="playground/DevFlow.Console/DevFlow.Console.csproj" />
  </Folder>
  <Folder Name="/samples/">
    <Project Path="samples/AIExtensions.Sample.Garden/AIExtensions.Sample.Garden.csproj" />
    <Project Path="samples/AIExtensions.Sample.Hello/AIExtensions.Sample.Hello.csproj" />
    <Project Path="samples/AIExtensions.Sample.DIParameters/AIExtensions.Sample.DIParameters.csproj" />
    <Project Path="samples/DevFlow.Sample.Linux/DevFlow.Sample.Linux.csproj" />
    <Project Path="samples/DevFlow.Sample.MacOS/DevFlow.Sample.MacOS.csproj" />
    <Project Path="samples/DevFlow.Sample.Native/Android/DevFlow.Sample.Native.Android.csproj" />
    <Project Path="samples/DevFlow.Sample.Native/iOS/DevFlow.Sample.Native.iOS.csproj" />
    <Project Path="samples/DevFlow.Sample.Native/MacCatalyst/DevFlow.Sample.Native.MacCatalyst.csproj" />
    <Project Path="samples/DevFlow.Sample.Native/MacOS/DevFlow.Sample.Native.MacOS.csproj" />
    <Project Path="samples/DevFlow.Sample.WPF/DevFlow.Sample.WPF.csproj" />
    <Project Path="samples/DevFlow.Sample/DevFlow.Sample.csproj" />
    <Project Path="samples/EssentialsAISample/EssentialsAISample.csproj" />
    <Project Path="samples/AIExtensions.Sample.ChatPlayground/AIExtensions.Sample.ChatPlayground.csproj" />
  </Folder>
  <Folder Name="/src/" />
  <Folder Name="/src/AI/">
    <Project Path="src/AI/Microsoft.Maui.Essentials.AI/Microsoft.Maui.Essentials.AI.csproj" />
  </Folder>
  <Folder Name="/src/AIExtensions/">
    <Project Path="src/AIExtensions/Microsoft.Maui.AI.Attributes/Microsoft.Maui.AI.Attributes.csproj" />
    <Project Path="src/AIExtensions/Microsoft.Maui.AI.Attributes.Generators/Microsoft.Maui.AI.Attributes.Generators.csproj" />
    <Project Path="tests/AIExtensions/Microsoft.Maui.AI.Attributes.Tests/Microsoft.Maui.AI.Attributes.Tests.csproj" />
    <Project Path="tests/AIExtensions/Microsoft.Maui.AI.Attributes.Generators.Tests/Microsoft.Maui.AI.Attributes.Generators.Tests.csproj" />
    <Project Path="tests/AIExtensions/Microsoft.Maui.AI.Chat.Tests/Microsoft.Maui.AI.Chat.Tests.csproj" />
  </Folder>
  <Folder Name="/src/Comet/">
    <Project Path="src/Comet/src/Comet.SourceGenerator/Comet.SourceGenerator.csproj" />
    <Project Path="src/Comet/src/Comet/Comet.csproj" />
  </Folder>
  <Folder Name="/src/Comet/tests/">
    <Project Path="src/Comet/tests/Comet.Tests/Comet.Tests.csproj" />
  </Folder>
  <Folder Name="/src/Go/">
    <Project Path="src/Go/spike/MetadataUpdaterSpike/MetadataUpdaterSpike.csproj" />
  </Folder>
  <Folder Name="/src/Cli/">
    <Project Path="src/Cli/Microsoft.Maui.Cli.UnitTests/Microsoft.Maui.Cli.UnitTests.csproj" />
    <Project Path="src/Cli/Microsoft.Maui.Cli/Microsoft.Maui.Cli.csproj" />
    <Project Path="src/Cli/Microsoft.Maui.ProfilingHelper/Microsoft.Maui.ProfilingHelper.csproj" />
  </Folder>
  <Folder Name="/src/DevFlow/">
    <Project Path="src/DevFlow/Microsoft.Maui.DevFlow.Agent.Abstractions/Microsoft.Maui.DevFlow.Agent.Abstractions.csproj" />
    <Project Path="src/DevFlow/Microsoft.Maui.DevFlow.Agent.Core/Microsoft.Maui.DevFlow.Agent.Core.csproj" />
    <Project Path="src/DevFlow/Microsoft.Maui.DevFlow.Agent.Native/Microsoft.Maui.DevFlow.Agent.Native.csproj" />
    <Project Path="src/DevFlow/Microsoft.Maui.DevFlow.Agent.Native.Essentials/Microsoft.Maui.DevFlow.Agent.Native.Essentials.csproj" />
    <Project Path="src/DevFlow/Microsoft.Maui.DevFlow.Analyzers/Microsoft.Maui.DevFlow.Analyzers.csproj" />
    <Project Path="src/DevFlow/Microsoft.Maui.DevFlow.Agent.Gtk/Microsoft.Maui.DevFlow.Agent.Gtk.csproj" />
    <Project Path="src/DevFlow/Microsoft.Maui.DevFlow.Agent.Gtk.Tests/Microsoft.Maui.DevFlow.Agent.Gtk.Tests.csproj" />
    <Project Path="src/DevFlow/Microsoft.Maui.DevFlow.Agent.WPF/Microsoft.Maui.DevFlow.Agent.WPF.csproj" />
    <Project Path="src/DevFlow/Microsoft.Maui.DevFlow.Agent/Microsoft.Maui.DevFlow.Agent.csproj" />
    <Project Path="src/DevFlow/Microsoft.Maui.DevFlow.Agent.IntegrationTests/Microsoft.Maui.DevFlow.Agent.IntegrationTests.csproj" />
    <Project Path="src/DevFlow/Microsoft.Maui.DevFlow.Blazor.Gtk/Microsoft.Maui.DevFlow.Blazor.Gtk.csproj" />
    <Project Path="src/DevFlow/Microsoft.Maui.DevFlow.Blazor/Microsoft.Maui.DevFlow.Blazor.csproj" />
    <Project Path="src/DevFlow/Microsoft.Maui.DevFlow.Client/Microsoft.Maui.DevFlow.Client.csproj" />
    <Project Path="src/DevFlow/Microsoft.Maui.DevFlow.Client.Tests/Microsoft.Maui.DevFlow.Client.Tests.csproj" />
    <Project Path="src/DevFlow/Microsoft.Maui.DevFlow.Driver/Microsoft.Maui.DevFlow.Driver.csproj" />
    <Project Path="src/DevFlow/Microsoft.Maui.DevFlow.Logging/Microsoft.Maui.DevFlow.Logging.csproj" />
    <Project Path="src/DevFlow/Microsoft.Maui.DevFlow.Tests/Microsoft.Maui.DevFlow.Tests.csproj" />
    <Project Path="src/DevFlow/Microsoft.Maui.DevFlow.Inspector.Tests/Microsoft.Maui.DevFlow.Inspector.Tests.csproj" />
  </Folder>
  <Folder Name="/src/AppProjectReference/">
    <Project Path="src/AppProjectReference/Microsoft.Maui.Build.AppProjectReference/Microsoft.Maui.Build.AppProjectReference.csproj" />
    <Project Path="src/AppProjectReference/Microsoft.Maui.Build.AppProjectReference.Tests/Microsoft.Maui.Build.AppProjectReference.Tests.csproj" />
  </Folder>
  <Folder Name="/tests/" />
  <Folder Name="/tests/AI/">
    <Project Path="tests/AI/Microsoft.Maui.Essentials.AI.Benchmarks/Microsoft.Maui.Essentials.AI.Benchmarks.csproj" />
    <Project Path="tests/AI/Microsoft.Maui.Essentials.AI.DeviceTests/Microsoft.Maui.Essentials.AI.DeviceTests.csproj" />
    <Project Path="tests/AI/Microsoft.Maui.Essentials.AI.UnitTests/Microsoft.Maui.Essentials.AI.UnitTests.csproj" />
  </Folder>
  <Folder Name="/tests/DevFlow/" />
  <Folder Name="/platforms/" />
  <Folder Name="/platforms/MacOS/">
    <Project Path="platforms/MacOS/src/MacOS/MacOS.csproj" />
    <Project Path="platforms/MacOS/src/MacOS.Essentials/MacOS.Essentials.csproj" />
    <Project Path="platforms/MacOS/src/MacOS.BlazorWebView/MacOS.BlazorWebView.csproj" />
  </Folder>
  <Folder Name="/platforms/MacOS/tests/">
    <Project Path="platforms/MacOS/tests/MacOS.Tests/MacOS.Tests.csproj" />
  </Folder>
  <Folder Name="/platforms/Linux.Gtk4/">
    <Project Path="platforms/Linux.Gtk4/tests/Essentials.Tests/Linux.Gtk4.Essentials.Tests.csproj" />
    <Project Path="platforms/Linux.Gtk4/src/Linux.Gtk4/Linux.Gtk4.csproj" />
    <Project Path="platforms/Linux.Gtk4/src/Linux.Gtk4.BlazorWebView/Linux.Gtk4.BlazorWebView.csproj" />
    <Project Path="platforms/Linux.Gtk4/tests/Linux.Gtk4.Tests/Linux.Gtk4.Tests.csproj" />
  </Folder>
  <Folder Name="/platforms/Windows.WPF/">
    <Project Path="platforms/Windows.WPF/tests/Essentials.Tests/Windows.WPF.Essentials.Tests.csproj" />
    <Project Path="platforms/Windows.WPF/src/Windows.WPF/Windows.WPF.csproj" />
    <Project Path="platforms/Windows.WPF/src/Windows.WPF.Essentials/Windows.WPF.Essentials.csproj" />
  </Folder>
  <Folder Name="/platforms/PolluxOS.DUI/">
    <Project Path="platforms/PolluxOS.DUI/src/PolluxOS.DUI/PolluxOS.DUI.csproj" />
    <Project Path="platforms/PolluxOS.DUI/src/PolluxOS.DUI.Essentials/PolluxOS.DUI.Essentials.csproj" />
    <Project Path="platforms/PolluxOS.DUI/tests/PolluxOS.DUI.Tests/PolluxOS.DUI.Tests.csproj" />
  </Folder>
</Solution>
